
Microsoft Visual Studio Solution File, Format Version 12.00
Project("{FAE04EC0-301F-11D3-BF4B-00C04F79EFBC}") = "BetPrediction", "BetPrediction\BetPrediction.csproj", "{5E49E3EB-97FE-4FAE-AFC9-FFEFE2859965}"
EndProject
Project("{FAE04EC0-301F-11D3-BF4B-00C04F79EFBC}") = "Parsers", "Parsers\Parsers.csproj", "{76D4F783-B954-40DD-88AE-69F396EA6F9C}"
EndProject
Project("{2150E333-8FDC-42A3-9474-1A3956D46DE8}") = "Domain", "Domain", "{2471A2A8-F732-4451-9514-A22742E841C9}"
EndProject
Project("{2150E333-8FDC-42A3-9474-1A3956D46DE8}") = "Application", "Application", "{A089D30E-A1C9-4EB6-A08E-51A87B21063C}"
EndProject
Project("{2150E333-8FDC-42A3-9474-1A3956D46DE8}") = "Infrastructure", "Infrastructure", "{AD318FB1-6399-4D4E-B32B-ABEE0113ED91}"
EndProject
Project("{2150E333-8FDC-42A3-9474-1A3956D46DE8}") = "WebApi", "WebApi", "{8F90863A-8DAC-454E-A794-82E4AE89EB16}"
EndProject
Project("{FAE04EC0-301F-11D3-BF4B-00C04F79EFBC}") = "Models", "Models\Models.csproj", "{EE12E065-67CE-4E6F-A59D-BDFB61040166}"
EndProject
Project("{FAE04EC0-301F-11D3-BF4B-00C04F79EFBC}") = "Services", "Services\Services.csproj", "{92AA8DB4-1DDD-4B83-964D-F2C42C4DACBC}"
EndProject
Project("{FAE04EC0-301F-11D3-BF4B-00C04F79EFBC}") = "Repositories", "Repositories\Repositories.csproj", "{651389A4-6026-4E3D-A084-DDCDB4B9311E}"
EndProject
Project("{FAE04EC0-301F-11D3-BF4B-00C04F79EFBC}") = "Common", "Common\Common.csproj", "{9777013C-FEB3-4A95-875B-1B9AB5687DB2}"
EndProject
Project("{FAE04EC0-301F-11D3-BF4B-00C04F79EFBC}") = "Implementation", "Implementation\Implementation.csproj", "{43CB6A25-6603-413C-BDC3-32BBEDA06655}"
EndProject
Global
	GlobalSection(SolutionConfigurationPlatforms) = preSolution
		Debug|Any CPU = Debug|Any CPU
		Release|Any CPU = Release|Any CPU
	EndGlobalSection
	GlobalSection(ProjectConfigurationPlatforms) = postSolution
		{5E49E3EB-97FE-4FAE-AFC9-FFEFE2859965}.Debug|Any CPU.ActiveCfg = Debug|Any CPU
		{5E49E3EB-97FE-4FAE-AFC9-FFEFE2859965}.Debug|Any CPU.Build.0 = Debug|Any CPU
		{5E49E3EB-97FE-4FAE-AFC9-FFEFE2859965}.Release|Any CPU.ActiveCfg = Release|Any CPU
		{5E49E3EB-97FE-4FAE-AFC9-FFEFE2859965}.Release|Any CPU.Build.0 = Release|Any CPU
		{76D4F783-B954-40DD-88AE-69F396EA6F9C}.Debug|Any CPU.ActiveCfg = Debug|Any CPU
		{76D4F783-B954-40DD-88AE-69F396EA6F9C}.Debug|Any CPU.Build.0 = Debug|Any CPU
		{76D4F783-B954-40DD-88AE-69F396EA6F9C}.Release|Any CPU.ActiveCfg = Release|Any CPU
		{76D4F783-B954-40DD-88AE-69F396EA6F9C}.Release|Any CPU.Build.0 = Release|Any CPU
		{EE12E065-67CE-4E6F-A59D-BDFB61040166}.Debug|Any CPU.ActiveCfg = Debug|Any CPU
		{EE12E065-67CE-4E6F-A59D-BDFB61040166}.Debug|Any CPU.Build.0 = Debug|Any CPU
		{EE12E065-67CE-4E6F-A59D-BDFB61040166}.Release|Any CPU.ActiveCfg = Release|Any CPU
		{EE12E065-67CE-4E6F-A59D-BDFB61040166}.Release|Any CPU.Build.0 = Release|Any CPU
		{92AA8DB4-1DDD-4B83-964D-F2C42C4DACBC}.Debug|Any CPU.ActiveCfg = Debug|Any CPU
		{92AA8DB4-1DDD-4B83-964D-F2C42C4DACBC}.Debug|Any CPU.Build.0 = Debug|Any CPU
		{92AA8DB4-1DDD-4B83-964D-F2C42C4DACBC}.Release|Any CPU.ActiveCfg = Release|Any CPU
		{92AA8DB4-1DDD-4B83-964D-F2C42C4DACBC}.Release|Any CPU.Build.0 = Release|Any CPU
		{651389A4-6026-4E3D-A084-DDCDB4B9311E}.Debug|Any CPU.ActiveCfg = Debug|Any CPU
		{651389A4-6026-4E3D-A084-DDCDB4B9311E}.Debug|Any CPU.Build.0 = Debug|Any CPU
		{651389A4-6026-4E3D-A084-DDCDB4B9311E}.Release|Any CPU.ActiveCfg = Release|Any CPU
		{651389A4-6026-4E3D-A084-DDCDB4B9311E}.Release|Any CPU.Build.0 = Release|Any CPU
		{9777013C-FEB3-4A95-875B-1B9AB5687DB2}.Debug|Any CPU.ActiveCfg = Debug|Any CPU
		{9777013C-FEB3-4A95-875B-1B9AB5687DB2}.Debug|Any CPU.Build.0 = Debug|Any CPU
		{9777013C-FEB3-4A95-875B-1B9AB5687DB2}.Release|Any CPU.ActiveCfg = Release|Any CPU
		{9777013C-FEB3-4A95-875B-1B9AB5687DB2}.Release|Any CPU.Build.0 = Release|Any CPU
		{43CB6A25-6603-413C-BDC3-32BBEDA06655}.Debug|Any CPU.ActiveCfg = Debug|Any CPU
		{43CB6A25-6603-413C-BDC3-32BBEDA06655}.Debug|Any CPU.Build.0 = Debug|Any CPU
		{43CB6A25-6603-413C-BDC3-32BBEDA06655}.Release|Any CPU.ActiveCfg = Release|Any CPU
		{43CB6A25-6603-413C-BDC3-32BBEDA06655}.Release|Any CPU.Build.0 = Release|Any CPU
	EndGlobalSection
	GlobalSection(NestedProjects) = preSolution
		{EE12E065-67CE-4E6F-A59D-BDFB61040166} = {2471A2A8-F732-4451-9514-A22742E841C9}
		{92AA8DB4-1DDD-4B83-964D-F2C42C4DACBC} = {2471A2A8-F732-4451-9514-A22742E841C9}
		{651389A4-6026-4E3D-A084-DDCDB4B9311E} = {A089D30E-A1C9-4EB6-A08E-51A87B21063C}
		{76D4F783-B954-40DD-88AE-69F396EA6F9C} = {A089D30E-A1C9-4EB6-A08E-51A87B21063C}
		{9777013C-FEB3-4A95-875B-1B9AB5687DB2} = {A089D30E-A1C9-4EB6-A08E-51A87B21063C}
		{43CB6A25-6603-413C-BDC3-32BBEDA06655} = {AD318FB1-6399-4D4E-B32B-ABEE0113ED91}
		{5E49E3EB-97FE-4FAE-AFC9-FFEFE2859965} = {8F90863A-8DAC-454E-A794-82E4AE89EB16}
	EndGlobalSection
EndGlobal
